
Microsoft Visual Studio Solution File, Format Version 12.00
# Visual Studio Version 16
VisualStudioVersion = 16.0.30804.86
MinimumVisualStudioVersion = 10.0.40219.1
Project("{FAE04EC0-301F-11D3-BF4B-00C04F79EFBC}") = "EShopConsole", "EShopConsole\EShopConsole.csproj", "{353DA8D5-C47C-45EF-BD15-85EDFCD8B875}"
EndProject
Global
	GlobalSection(SolutionConfigurationPlatforms) = preSolution
		Debug|Any CPU = Debug|Any CPU
		Release|Any CPU = Release|Any CPU
	EndGlobalSection
	GlobalSection(ProjectConfigurationPlatforms) = postSolution
		{353DA8D5-C47C-45EF-BD15-85EDFCD8B875}.Debug|Any CPU.ActiveCfg = Debug|Any CPU
		{353DA8D5-C47C-45EF-BD15-85EDFCD8B875}.Debug|Any CPU.Build.0 = Debug|Any CPU
		{353DA8D5-C47C-45EF-BD15-85EDFCD8B875}.Release|Any CPU.ActiveCfg = Release|Any CPU
		{353DA8D5-C47C-45EF-BD15-85EDFCD8B875}.Release|Any CPU.Build.0 = Release|Any CPU
	EndGlobalSection
	GlobalSection(SolutionProperties) = preSolution
		HideSolutionNode = FALSE
	EndGlobalSection
	GlobalSection(ExtensibilityGlobals) = postSolution
		SolutionGuid = {88E9839B-60A3-4120-B9C5-AD0332FDB28F}
	EndGlobalSection
EndGlobal
